
Microsoft Visual Studio Solution File, Format Version 12.00
# Visual Studio Version 17
VisualStudioVersion = 17.4.33122.133
MinimumVisualStudioVersion = 10.0.40219.1
Project("{FAE04EC0-301F-11D3-BF4B-00C04F79EFBC}") = "DovizProjeXml", "DovizProjeXml\DovizProjeXml.csproj", "{3998B8C9-1F52-4C8F-8986-608EB4A6C373}"
EndProject
Global
	GlobalSection(SolutionConfigurationPlatforms) = preSolution
		Debug|Any CPU = Debug|Any CPU
		Release|Any CPU = Release|Any CPU
	EndGlobalSection
	GlobalSection(ProjectConfigurationPlatforms) = postSolution
		{3998B8C9-1F52-4C8F-8986-608EB4A6C373}.Debug|Any CPU.ActiveCfg = Debug|Any CPU
		{3998B8C9-1F52-4C8F-8986-608EB4A6C373}.Debug|Any CPU.Build.0 = Debug|Any CPU
		{3998B8C9-1F52-4C8F-8986-608EB4A6C373}.Release|Any CPU.ActiveCfg = Release|Any CPU
		{3998B8C9-1F52-4C8F-8986-608EB4A6C373}.Release|Any CPU.Build.0 = Release|Any CPU
	EndGlobalSection
	GlobalSection(SolutionProperties) = preSolution
		HideSolutionNode = FALSE
	EndGlobalSection
	GlobalSection(ExtensibilityGlobals) = postSolution
		SolutionGuid = {E3611968-96C4-43C7-A468-2E78192E002A}
	EndGlobalSection
EndGlobal
